// !$*UTF8*$!
{
	archiveVersion = 1;
	classes = {
	};
	objectVersion = 56;
	objects = {

/* Begin PBXBuildFile section */
		1898DD6B2C13F27400398D77 /* MillikanOilDropExperimentAppApp.swift in Sources */ = {isa = PBXBuildFile; fileRef = 1898DD6A2C13F27400398D77 /* MillikanOilDropExperimentAppApp.swift */; };
		1898DD6D2C13F27400398D77 /* ContentView.swift in Sources */ = {isa = PBXBuildFile; fileRef = 1898DD6C2C13F27400398D77 /* ContentView.swift */; };
		1898DD6F2C13F27600398D77 /* Assets.xcassets in Resources */ = {isa = PBXBuildFile; fileRef = 1898DD6E2C13F27600398D77 /* Assets.xcassets */; };
		1898DD722C13F27600398D77 /* Preview Assets.xcassets in Resources */ = {isa = PBXBuildFile; fileRef = 1898DD712C13F27600398D77 /* Preview Assets.xcassets */; };
		1898DD792C13F31A00398D77 /* HomeView.swift in Sources */ = {isa = PBXBuildFile; fileRef = 1898DD782C13F31A00398D77 /* HomeView.swift */; };
		1898DD7C2C13F67700398D77 /* Localizable.xcstrings in Resources */ = {isa = PBXBuildFile; fileRef = 1898DD7B2C13F67700398D77 /* Localizable.xcstrings */; };
		1898DD802C13F9C100398D77 /* home.en_us.txt in Resources */ = {isa = PBXBuildFile; fileRef = 1898DD7E2C13F9C000398D77 /* home.en_us.txt */; };
		1898DD812C13F9C100398D77 /* home.zh_cn.txt in Resources */ = {isa = PBXBuildFile; fileRef = 1898DD7F2C13F9C100398D77 /* home.zh_cn.txt */; };
		1898DD832C13F9DD00398D77 /* HomeContentView.swift in Sources */ = {isa = PBXBuildFile; fileRef = 1898DD822C13F9DD00398D77 /* HomeContentView.swift */; };
/* End PBXBuildFile section */

/* Begin PBXFileReference section */
		1898DD672C13F27400398D77 /* MillikanOilDropExperimentApp.app */ = {isa = PBXFileReference; explicitFileType = wrapper.application; includeInIndex = 0; path = MillikanOilDropExperimentApp.app; sourceTree = BUILT_PRODUCTS_DIR; };
		1898DD6A2C13F27400398D77 /* MillikanOilDropExperimentAppApp.swift */ = {isa = PBXFileReference; lastKnownFileType = sourcecode.swift; path = MillikanOilDropExperimentAppApp.swift; sourceTree = "<group>"; };
		1898DD6C2C13F27400398D77 /* ContentView.swift */ = {isa = PBXFileReference; lastKnownFileType = sourcecode.swift; path = ContentView.swift; sourceTree = "<group>"; };
		1898DD6E2C13F27600398D77 /* Assets.xcassets */ = {isa = PBXFileReference; lastKnownFileType = folder.assetcatalog; path = Assets.xcassets; sourceTree = "<group>"; };
		1898DD712C13F27600398D77 /* Preview Assets.xcassets */ = {isa = PBXFileReference; lastKnownFileType = folder.assetcatalog; path = "Preview Assets.xcassets"; sourceTree = "<group>"; };
		1898DD782C13F31A00398D77 /* HomeView.swift */ = {isa = PBXFileReference; lastKnownFileType = sourcecode.swift; path = HomeView.swift; sourceTree = "<group>"; };
		1898DD7B2C13F67700398D77 /* Localizable.xcstrings */ = {isa = PBXFileReference; lastKnownFileType = text.json.xcstrings; name = Localizable.xcstrings; path = MillikanOilDropExperimentApp/Localizable.xcstrings; sourceTree = SOURCE_ROOT; };
		1898DD7E2C13F9C000398D77 /* home.en_us.txt */ = {isa = PBXFileReference; fileEncoding = 4; lastKnownFileType = text; path = home.en_us.txt; sourceTree = "<group>"; };
		1898DD7F2C13F9C100398D77 /* home.zh_cn.txt */ = {isa = PBXFileReference; fileEncoding = 4; lastKnownFileType = text; path = home.zh_cn.txt; sourceTree = "<group>"; };
		1898DD822C13F9DD00398D77 /* HomeContentView.swift */ = {isa = PBXFileReference; lastKnownFileType = sourcecode.swift; path = HomeContentView.swift; sourceTree = "<group>"; };
/* End PBXFileReference section */

/* Begin PBXFrameworksBuildPhase section */
		1898DD642C13F27400398D77 /* Frameworks */ = {
			isa = PBXFrameworksBuildPhase;
			buildActionMask = 2147483647;
			files = (
			);
			runOnlyForDeploymentPostprocessing = 0;
		};
/* End PBXFrameworksBuildPhase section */

/* Begin PBXGroup section */
		1898DD5E2C13F27400398D77 = {
			isa = PBXGroup;
			children = (
				1898DD692C13F27400398D77 /* MillikanOilDropExperimentApp */,
				1898DD682C13F27400398D77 /* Products */,
			);
			sourceTree = "<group>";
		};
		1898DD682C13F27400398D77 /* Products */ = {
			isa = PBXGroup;
			children = (
				1898DD672C13F27400398D77 /* MillikanOilDropExperimentApp.app */,
			);
			name = Products;
			sourceTree = "<group>";
		};
		1898DD692C13F27400398D77 /* MillikanOilDropExperimentApp */ = {
			isa = PBXGroup;
			children = (
				1898DD7D2C13F91F00398D77 /* Resources */,
				1898DD7B2C13F67700398D77 /* Localizable.xcstrings */,
				1898DD7A2C13F34600398D77 /* Views */,
				1898DD6A2C13F27400398D77 /* MillikanOilDropExperimentAppApp.swift */,
				1898DD6E2C13F27600398D77 /* Assets.xcassets */,
				1898DD702C13F27600398D77 /* Preview Content */,
			);
			path = MillikanOilDropExperimentApp;
			sourceTree = "<group>";
		};
		1898DD702C13F27600398D77 /* Preview Content */ = {
			isa = PBXGroup;
			children = (
				1898DD712C13F27600398D77 /* Preview Assets.xcassets */,
			);
			path = "Preview Content";
			sourceTree = "<group>";
		};
		1898DD7A2C13F34600398D77 /* Views */ = {
			isa = PBXGroup;
			children = (
				1898DD6C2C13F27400398D77 /* ContentView.swift */,
				1898DD782C13F31A00398D77 /* HomeView.swift */,
				1898DD822C13F9DD00398D77 /* HomeContentView.swift */,
			);
			path = Views;
			sourceTree = "<group>";
		};
		1898DD7D2C13F91F00398D77 /* Resources */ = {
			isa = PBXGroup;
			children = (
				1898DD7E2C13F9C000398D77 /* home.en_us.txt */,
				1898DD7F2C13F9C100398D77 /* home.zh_cn.txt */,
			);
			path = Resources;
			sourceTree = "<group>";
		};
/* End PBXGroup section */

/* Begin PBXNativeTarget section */
		1898DD662C13F27400398D77 /* MillikanOilDropExperimentApp */ = {
			isa = PBXNativeTarget;
			buildConfigurationList = 1898DD752C13F27600398D77 /* Build configuration list for PBXNativeTarget "MillikanOilDropExperimentApp" */;
			buildPhases = (
				1898DD632C13F27400398D77 /* Sources */,
				1898DD642C13F27400398D77 /* Frameworks */,
				1898DD652C13F27400398D77 /* Resources */,
			);
			buildRules = (
			);
			dependencies = (
			);
			name = MillikanOilDropExperimentApp;
			productName = MillikanOilDropExperimentApp;
			productReference = 1898DD672C13F27400398D77 /* MillikanOilDropExperimentApp.app */;
			productType = "com.apple.product-type.application";
		};
/* End PBXNativeTarget section */

/* Begin PBXProject section */
		1898DD5F2C13F27400398D77 /* Project object */ = {
			isa = PBXProject;
			attributes = {
				BuildIndependentTargetsInParallel = 1;
				LastSwiftUpdateCheck = 1540;
				LastUpgradeCheck = 1540;
				TargetAttributes = {
					1898DD662C13F27400398D77 = {
						CreatedOnToolsVersion = 15.4;
					};
				};
			};
			buildConfigurationList = 1898DD622C13F27400398D77 /* Build configuration list for PBXProject "MillikanOilDropExperimentApp" */;
			compatibilityVersion = "Xcode 14.0";
			developmentRegion = en;
			hasScannedForEncodings = 0;
			knownRegions = (
				en,
				Base,
				"zh-Hans",
			);
			mainGroup = 1898DD5E2C13F27400398D77;
			productRefGroup = 1898DD682C13F27400398D77 /* Products */;
			projectDirPath = "";
			projectRoot = "";
			targets = (
				1898DD662C13F27400398D77 /* MillikanOilDropExperimentApp */,
			);
		};
/* End PBXProject section */

/* Begin PBXResourcesBuildPhase section */
		1898DD652C13F27400398D77 /* Resources */ = {
			isa = PBXResourcesBuildPhase;
			buildActionMask = 2147483647;
			files = (
				1898DD722C13F27600398D77 /* Preview Assets.xcassets in Resources */,
				1898DD6F2C13F27600398D77 /* Assets.xcassets in Resources */,
				1898DD812C13F9C100398D77 /* home.zh_cn.txt in Resources */,
				1898DD7C2C13F67700398D77 /* Localizable.xcstrings in Resources */,
				1898DD802C13F9C100398D77 /* home.en_us.txt in Resources */,
			);
			runOnlyForDeploymentPostprocessing = 0;
		};
/* End PBXResourcesBuildPhase section */

/* Begin PBXSourcesBuildPhase section */
		1898DD632C13F27400398D77 /* Sources */ = {
			isa = PBXSourcesBuildPhase;
			buildActionMask = 2147483647;
			files = (
				1898DD792C13F31A00398D77 /* HomeView.swift in Sources */,
				1898DD6D2C13F27400398D77 /* ContentView.swift in Sources */,
				1898DD6B2C13F27400398D77 /* MillikanOilDropExperimentAppApp.swift in Sources */,
				1898DD832C13F9DD00398D77 /* HomeContentView.swift in Sources */,
			);
			runOnlyForDeploymentPostprocessing = 0;
		};
/* End PBXSourcesBuildPhase section */

/* Begin XCBuildConfiguration section */
		1898DD732C13F27600398D77 /* Debug */ = {
			isa = XCBuildConfiguration;
			buildSettings = {
				ALWAYS_SEARCH_USER_PATHS = NO;
				ASSETCATALOG_COMPILER_GENERATE_SWIFT_ASSET_SYMBOL_EXTENSIONS = YES;
				CLANG_ANALYZER_NONNULL = YES;
				CLANG_ANALYZER_NUMBER_OBJECT_CONVERSION = YES_AGGRESSIVE;
				CLANG_CXX_LANGUAGE_STANDARD = "gnu++20";
				CLANG_ENABLE_MODULES = YES;
				CLANG_ENABLE_OBJC_ARC = YES;
				CLANG_ENABLE_OBJC_WEAK = YES;
				CLANG_WARN_BLOCK_CAPTURE_AUTORELEASING = YES;
				CLANG_WARN_BOOL_CONVERSION = YES;
				CLANG_WARN_COMMA = YES;
				CLANG_WARN_CONSTANT_CONVERSION = YES;
				CLANG_WARN_DEPRECATED_OBJC_IMPLEMENTATIONS = YES;
				CLANG_WARN_DIRECT_OBJC_ISA_USAGE = YES_ERROR;
				CLANG_WARN_DOCUMENTATION_COMMENTS = YES;
				CLANG_WARN_EMPTY_BODY = YES;
				CLANG_WARN_ENUM_CONVERSION = YES;
				CLANG_WARN_INFINITE_RECURSION = YES;
				CLANG_WARN_INT_CONVERSION = YES;
				CLANG_WARN_NON_LITERAL_NULL_CONVERSION = YES;
				CLANG_WARN_OBJC_IMPLICIT_RETAIN_SELF = YES;
				CLANG_WARN_OBJC_LITERAL_CONVERSION = YES;
				CLANG_WARN_OBJC_ROOT_CLASS = YES_ERROR;
				CLANG_WARN_QUOTED_INCLUDE_IN_FRAMEWORK_HEADER = YES;
				CLANG_WARN_RANGE_LOOP_ANALYSIS = YES;
				CLANG_WARN_STRICT_PROTOTYPES = YES;
				CLANG_WARN_SUSPICIOUS_MOVE = YES;
				CLANG_WARN_UNGUARDED_AVAILABILITY = YES_AGGRESSIVE;
				CLANG_WARN_UNREACHABLE_CODE = YES;
				CLANG_WARN__DUPLICATE_METHOD_MATCH = YES;
				COPY_PHASE_STRIP = NO;
				DEBUG_INFORMATION_FORMAT = dwarf;
				ENABLE_STRICT_OBJC_MSGSEND = YES;
				ENABLE_TESTABILITY = YES;
				ENABLE_USER_SCRIPT_SANDBOXING = YES;
				GCC_C_LANGUAGE_STANDARD = gnu17;
				GCC_DYNAMIC_NO_PIC = NO;
				GCC_NO_COMMON_BLOCKS = YES;
				GCC_OPTIMIZATION_LEVEL = 0;
				GCC_PREPROCESSOR_DEFINITIONS = (
					"DEBUG=1",
					"$(inherited)",
				);
				GCC_WARN_64_TO_32_BIT_CONVERSION = YES;
				GCC_WARN_ABOUT_RETURN_TYPE = YES_ERROR;
				GCC_WARN_UNDECLARED_SELECTOR = YES;
				GCC_WARN_UNINITIALIZED_AUTOS = YES_AGGRESSIVE;
				GCC_WARN_UNUSED_FUNCTION = YES;
				GCC_WARN_UNUSED_VARIABLE = YES;
				IPHONEOS_DEPLOYMENT_TARGET = 17.5;
				LOCALIZATION_PREFERS_STRING_CATALOGS = YES;
				MTL_ENABLE_DEBUG_INFO = INCLUDE_SOURCE;
				MTL_FAST_MATH = YES;
				ONLY_ACTIVE_ARCH = YES;
				SDKROOT = iphoneos;
				SWIFT_ACTIVE_COMPILATION_CONDITIONS = "DEBUG $(inherited)";
				SWIFT_OPTIMIZATION_LEVEL = "-Onone";
			};
			name = Debug;
		};
		1898DD742C13F27600398D77 /* Release */ = {
			isa = XCBuildConfiguration;
			buildSettings = {
				ALWAYS_SEARCH_USER_PATHS = NO;
				ASSETCATALOG_COMPILER_GENERATE_SWIFT_ASSET_SYMBOL_EXTENSIONS = YES;
				CLANG_ANALYZER_NONNULL = YES;
				CLANG_ANALYZER_NUMBER_OBJECT_CONVERSION = YES_AGGRESSIVE;
				CLANG_CXX_LANGUAGE_STANDARD = "gnu++20";
				CLANG_ENABLE_MODULES = YES;
				CLANG_ENABLE_OBJC_ARC = YES;
				CLANG_ENABLE_OBJC_WEAK = YES;
				CLANG_WARN_BLOCK_CAPTURE_AUTORELEASING = YES;
				CLANG_WARN_BOOL_CONVERSION = YES;
				CLANG_WARN_COMMA = YES;
				CLANG_WARN_CONSTANT_CONVERSION = YES;
				CLANG_WARN_DEPRECATED_OBJC_IMPLEMENTATIONS = YES;
				CLANG_WARN_DIRECT_OBJC_ISA_USAGE = YES_ERROR;
				CLANG_WARN_DOCUMENTATION_COMMENTS = YES;
				CLANG_WARN_EMPTY_BODY = YES;
				CLANG_WARN_ENUM_CONVERSION = YES;
				CLANG_WARN_INFINITE_RECURSION = YES;
				CLANG_WARN_INT_CONVERSION = YES;
				CLANG_WARN_NON_LITERAL_NULL_CONVERSION = YES;
				CLANG_WARN_OBJC_IMPLICIT_RETAIN_SELF = YES;
				CLANG_WARN_OBJC_LITERAL_CONVERSION = YES;
				CLANG_WARN_OBJC_ROOT_CLASS = YES_ERROR;
				CLANG_WARN_QUOTED_INCLUDE_IN_FRAMEWORK_HEADER = YES;
				CLANG_WARN_RANGE_LOOP_ANALYSIS = YES;
				CLANG_WARN_STRICT_PROTOTYPES = YES;
				CLANG_WARN_SUSPICIOUS_MOVE = YES;
				CLANG_WARN_UNGUARDED_AVAILABILITY = YES_AGGRESSIVE;
				CLANG_WARN_UNREACHABLE_CODE = YES;
				CLANG_WARN__DUPLICATE_METHOD_MATCH = YES;
				COPY_PHASE_STRIP = NO;
				DEBUG_INFORMATION_FORMAT = "dwarf-with-dsym";
				ENABLE_NS_ASSERTIONS = NO;
				ENABLE_STRICT_OBJC_MSGSEND = YES;
				ENABLE_USER_SCRIPT_SANDBOXING = YES;
				GCC_C_LANGUAGE_STANDARD = gnu17;
				GCC_NO_COMMON_BLOCKS = YES;
				GCC_WARN_64_TO_32_BIT_CONVERSION = YES;
				GCC_WARN_ABOUT_RETURN_TYPE = YES_ERROR;
				GCC_WARN_UNDECLARED_SELECTOR = YES;
				GCC_WARN_UNINITIALIZED_AUTOS = YES_AGGRESSIVE;
				GCC_WARN_UNUSED_FUNCTION = YES;
				GCC_WARN_UNUSED_VARIABLE = YES;
				IPHONEOS_DEPLOYMENT_TARGET = 17.5;
				LOCALIZATION_PREFERS_STRING_CATALOGS = YES;
				MTL_ENABLE_DEBUG_INFO = NO;
				MTL_FAST_MATH = YES;
				SDKROOT = iphoneos;
				SWIFT_COMPILATION_MODE = wholemodule;
				VALIDATE_PRODUCT = YES;
			};
			name = Release;
		};
		1898DD762C13F27600398D77 /* Debug */ = {
			isa = XCBuildConfiguration;
			buildSettings = {
				ASSETCATALOG_COMPILER_APPICON_NAME = AppIcon;
				ASSETCATALOG_COMPILER_GLOBAL_ACCENT_COLOR_NAME = AccentColor;
				CODE_SIGN_STYLE = Automatic;
				CURRENT_PROJECT_VERSION = 1;
				DEVELOPMENT_ASSET_PATHS = "\"MillikanOilDropExperimentApp/Preview Content\"";
				DEVELOPMENT_TEAM = 5XZQ8776YN;
				ENABLE_PREVIEWS = YES;
				GENERATE_INFOPLIST_FILE = YES;
				INFOPLIST_KEY_UIApplicationSceneManifest_Generation = YES;
				INFOPLIST_KEY_UIApplicationSupportsIndirectInputEvents = YES;
				INFOPLIST_KEY_UILaunchScreen_Generation = YES;
				INFOPLIST_KEY_UISupportedInterfaceOrientations_iPad = "UIInterfaceOrientationPortrait UIInterfaceOrientationPortraitUpsideDown UIInterfaceOrientationLandscapeLeft UIInterfaceOrientationLandscapeRight";
				INFOPLIST_KEY_UISupportedInterfaceOrientations_iPhone = "UIInterfaceOrientationPortrait UIInterfaceOrientationLandscapeLeft UIInterfaceOrientationLandscapeRight";
				LD_RUNPATH_SEARCH_PATHS = (
					"$(inherited)",
					"@executable_path/Frameworks",
				);
				MARKETING_VERSION = 1.0;
				PRODUCT_BUNDLE_IDENTIFIER = com.yankchina.MillikanOilDropExperimentApp;
				PRODUCT_NAME = "$(TARGET_NAME)";
				SWIFT_EMIT_LOC_STRINGS = YES;
				SWIFT_VERSION = 5.0;
				TARGETED_DEVICE_FAMILY = "1,2";
			};
			name = Debug;
		};
		1898DD772C13F27600398D77 /* Release */ = {
			isa = XCBuildConfiguration;
			buildSettings = {
				ASSETCATALOG_COMPILER_APPICON_NAME = AppIcon;
				ASSETCATALOG_COMPILER_GLOBAL_ACCENT_COLOR_NAME = AccentColor;
				CODE_SIGN_STYLE = Automatic;
				CURRENT_PROJECT_VERSION = 1;
				DEVELOPMENT_ASSET_PATHS = "\"MillikanOilDropExperimentApp/Preview Content\"";
				DEVELOPMENT_TEAM = 5XZQ8776YN;
				ENABLE_PREVIEWS = YES;
				GENERATE_INFOPLIST_FILE = YES;
				INFOPLIST_KEY_UIApplicationSceneManifest_Generation = YES;
				INFOPLIST_KEY_UIApplicationSupportsIndirectInputEvents = YES;
				INFOPLIST_KEY_UILaunchScreen_Generation = YES;
				INFOPLIST_KEY_UISupportedInterfaceOrientations_iPad = "UIInterfaceOrientationPortrait UIInterfaceOrientationPortraitUpsideDown UIInterfaceOrientationLandscapeLeft UIInterfaceOrientationLandscapeRight";
				INFOPLIST_KEY_UISupportedInterfaceOrientations_iPhone = "UIInterfaceOrientationPortrait UIInterfaceOrientationLandscapeLeft UIInterfaceOrientationLandscapeRight";
				LD_RUNPATH_SEARCH_PATHS = (
					"$(inherited)",
					"@executable_path/Frameworks",
				);
				MARKETING_VERSION = 1.0;
				PRODUCT_BUNDLE_IDENTIFIER = com.yankchina.MillikanOilDropExperimentApp;
				PRODUCT_NAME = "$(TARGET_NAME)";
				SWIFT_EMIT_LOC_STRINGS = YES;
				SWIFT_VERSION = 5.0;
				TARGETED_DEVICE_FAMILY = "1,2";
			};
			name = Release;
		};
/* End XCBuildConfiguration section */

/* Begin XCConfigurationList section */
		1898DD622C13F27400398D77 /* Build configuration list for PBXProject "MillikanOilDropExperimentApp" */ = {
			isa = XCConfigurationList;
			buildConfigurations = (
				1898DD732C13F27600398D77 /* Debug */,
				1898DD742C13F27600398D77 /* Release */,
			);
			defaultConfigurationIsVisible = 0;
			defaultConfigurationName = Release;
		};
		1898DD752C13F27600398D77 /* Build configuration list for PBXNativeTarget "MillikanOilDropExperimentApp" */ = {
			isa = XCConfigurationList;
			buildConfigurations = (
				1898DD762C13F27600398D77 /* Debug */,
				1898DD772C13F27600398D77 /* Release */,
			);
			defaultConfigurationIsVisible = 0;
			defaultConfigurationName = Release;
		};
/* End XCConfigurationList section */
	};
	rootObject = 1898DD5F2C13F27400398D77 /* Project object */;
}
